
Microsoft Visual Studio Solution File, Format Version 12.00
# Visual Studio Version 17
VisualStudioVersion = 17.4.33213.308
MinimumVisualStudioVersion = 10.0.40219.1
Project("{2150E333-8FDC-42A3-9474-1A3956D46DE8}") = "Lecture_7", "Lecture_7", "{DC61534C-7E53-4200-A5D1-DBCBE2BBFBE4}"
EndProject
Project("{2150E333-8FDC-42A3-9474-1A3956D46DE8}") = "Core", "Core", "{19E8A651-347A-4C1E-9DC3-2D4929CC422D}"
EndProject
Project("{2150E333-8FDC-42A3-9474-1A3956D46DE8}") = "Infrastructor", "Infrastructor", "{DBC61627-593B-4950-A473-C981A0150C8D}"
EndProject
Project("{2150E333-8FDC-42A3-9474-1A3956D46DE8}") = "Presentation", "Presentation", "{00835312-FBB5-4391-AAAE-BC418A66DD0F}"
EndProject
Project("{9A19103F-16F7-4668-BE54-9A1E7A4F7556}") = "Week_7_1.Domain", "Lecture_7\Core\Week_7_1.Domain\Week_7_1.Domain.csproj", "{C83049A5-0B97-4FAA-A651-C77F6E27A218}"
EndProject
Project("{9A19103F-16F7-4668-BE54-9A1E7A4F7556}") = "Week_7_1.Persistence", "Lecture_7\Infrastructor\Week_7_1.Persistence\Week_7_1.Persistence.csproj", "{92A17074-4D49-4A57-8F8E-CD7021AAC1EB}"
EndProject
Project("{9A19103F-16F7-4668-BE54-9A1E7A4F7556}") = "Week_7_1.API", "Lecture_7\Presentation\Week_7_1.API\Week_7_1.API.csproj", "{8EE23E31-E98C-4C92-8E13-434CD2B7731D}"
EndProject
Global
	GlobalSection(SolutionConfigurationPlatforms) = preSolution
		Debug|Any CPU = Debug|Any CPU
		Release|Any CPU = Release|Any CPU
	EndGlobalSection
	GlobalSection(ProjectConfigurationPlatforms) = postSolution
		{C83049A5-0B97-4FAA-A651-C77F6E27A218}.Debug|Any CPU.ActiveCfg = Debug|Any CPU
		{C83049A5-0B97-4FAA-A651-C77F6E27A218}.Debug|Any CPU.Build.0 = Debug|Any CPU
		{C83049A5-0B97-4FAA-A651-C77F6E27A218}.Release|Any CPU.ActiveCfg = Release|Any CPU
		{C83049A5-0B97-4FAA-A651-C77F6E27A218}.Release|Any CPU.Build.0 = Release|Any CPU
		{92A17074-4D49-4A57-8F8E-CD7021AAC1EB}.Debug|Any CPU.ActiveCfg = Debug|Any CPU
		{92A17074-4D49-4A57-8F8E-CD7021AAC1EB}.Debug|Any CPU.Build.0 = Debug|Any CPU
		{92A17074-4D49-4A57-8F8E-CD7021AAC1EB}.Release|Any CPU.ActiveCfg = Release|Any CPU
		{92A17074-4D49-4A57-8F8E-CD7021AAC1EB}.Release|Any CPU.Build.0 = Release|Any CPU
		{8EE23E31-E98C-4C92-8E13-434CD2B7731D}.Debug|Any CPU.ActiveCfg = Debug|Any CPU
		{8EE23E31-E98C-4C92-8E13-434CD2B7731D}.Debug|Any CPU.Build.0 = Debug|Any CPU
		{8EE23E31-E98C-4C92-8E13-434CD2B7731D}.Release|Any CPU.ActiveCfg = Release|Any CPU
		{8EE23E31-E98C-4C92-8E13-434CD2B7731D}.Release|Any CPU.Build.0 = Release|Any CPU
	EndGlobalSection
	GlobalSection(SolutionProperties) = preSolution
		HideSolutionNode = FALSE
	EndGlobalSection
	GlobalSection(NestedProjects) = preSolution
		{19E8A651-347A-4C1E-9DC3-2D4929CC422D} = {DC61534C-7E53-4200-A5D1-DBCBE2BBFBE4}
		{DBC61627-593B-4950-A473-C981A0150C8D} = {DC61534C-7E53-4200-A5D1-DBCBE2BBFBE4}
		{00835312-FBB5-4391-AAAE-BC418A66DD0F} = {DC61534C-7E53-4200-A5D1-DBCBE2BBFBE4}
		{C83049A5-0B97-4FAA-A651-C77F6E27A218} = {19E8A651-347A-4C1E-9DC3-2D4929CC422D}
		{92A17074-4D49-4A57-8F8E-CD7021AAC1EB} = {DBC61627-593B-4950-A473-C981A0150C8D}
		{8EE23E31-E98C-4C92-8E13-434CD2B7731D} = {00835312-FBB5-4391-AAAE-BC418A66DD0F}
	EndGlobalSection
	GlobalSection(ExtensibilityGlobals) = postSolution
		SolutionGuid = {A193117F-1306-4E02-918C-810E800696D3}
	EndGlobalSection
EndGlobal
